
Microsoft Visual Studio Solution File, Format Version 12.00
# Visual Studio Version 17
VisualStudioVersion = 17.5.33424.131
MinimumVisualStudioVersion = 10.0.40219.1
Project("{FAE04EC0-301F-11D3-BF4B-00C04F79EFBC}") = "WeatherApp", "WeatherApp.csproj", "{9CA1F873-068C-496E-9D5E-1F3C04DC5C15}"
EndProject
Global
	GlobalSection(SolutionConfigurationPlatforms) = preSolution
		Debug|Any CPU = Debug|Any CPU
		Release|Any CPU = Release|Any CPU
	EndGlobalSection
	GlobalSection(ProjectConfigurationPlatforms) = postSolution
		{9CA1F873-068C-496E-9D5E-1F3C04DC5C15}.Debug|Any CPU.ActiveCfg = Debug|Any CPU
		{9CA1F873-068C-496E-9D5E-1F3C04DC5C15}.Debug|Any CPU.Build.0 = Debug|Any CPU
		{9CA1F873-068C-496E-9D5E-1F3C04DC5C15}.Release|Any CPU.ActiveCfg = Release|Any CPU
		{9CA1F873-068C-496E-9D5E-1F3C04DC5C15}.Release|Any CPU.Build.0 = Release|Any CPU
	EndGlobalSection
	GlobalSection(SolutionProperties) = preSolution
		HideSolutionNode = FALSE
	EndGlobalSection
	GlobalSection(ExtensibilityGlobals) = postSolution
		SolutionGuid = {87E60E62-71BF-490C-90CD-D1B3F748468F}
	EndGlobalSection
EndGlobal
